
Microsoft Visual Studio Solution File, Format Version 12.00
# Visual Studio Version 17
VisualStudioVersion = 17.5.33414.496
MinimumVisualStudioVersion = 10.0.40219.1
Project("{9A19103F-16F7-4668-BE54-9A1E7A4F7556}") = "TrackerLibrary", "TrackerLibrary\TrackerLibrary.csproj", "{00005D7F-0DAA-4326-8F35-76AA16B78544}"
EndProject
Project("{FAE04EC0-301F-11D3-BF4B-00C04F79EFBC}") = "TrackerUI", "TrackerUI\TrackerUI.csproj", "{48804190-D7F2-4F41-BC9F-D11549C4EA94}"
EndProject
Global
	GlobalSection(SolutionConfigurationPlatforms) = preSolution
		Debug|Any CPU = Debug|Any CPU
		Release|Any CPU = Release|Any CPU
	EndGlobalSection
	GlobalSection(ProjectConfigurationPlatforms) = postSolution
		{00005D7F-0DAA-4326-8F35-76AA16B78544}.Debug|Any CPU.ActiveCfg = Debug|Any CPU
		{00005D7F-0DAA-4326-8F35-76AA16B78544}.Debug|Any CPU.Build.0 = Debug|Any CPU
		{00005D7F-0DAA-4326-8F35-76AA16B78544}.Release|Any CPU.ActiveCfg = Release|Any CPU
		{00005D7F-0DAA-4326-8F35-76AA16B78544}.Release|Any CPU.Build.0 = Release|Any CPU
		{48804190-D7F2-4F41-BC9F-D11549C4EA94}.Debug|Any CPU.ActiveCfg = Debug|Any CPU
		{48804190-D7F2-4F41-BC9F-D11549C4EA94}.Debug|Any CPU.Build.0 = Debug|Any CPU
		{48804190-D7F2-4F41-BC9F-D11549C4EA94}.Release|Any CPU.ActiveCfg = Release|Any CPU
		{48804190-D7F2-4F41-BC9F-D11549C4EA94}.Release|Any CPU.Build.0 = Release|Any CPU
	EndGlobalSection
	GlobalSection(SolutionProperties) = preSolution
		HideSolutionNode = FALSE
	EndGlobalSection
	GlobalSection(ExtensibilityGlobals) = postSolution
		SolutionGuid = {E6E3B8B4-730D-4FFB-ABE6-79624A3D0EF4}
	EndGlobalSection
EndGlobal
